// !$*UTF8*$!
{
	archiveVersion = 1;
	classes = {
	};
	objectVersion = 50;
	objects = {

/* Begin PBXBuildFile section */
		FB53BA11260715E100B487D5 /* CircleImage.swift in Sources */ = {isa = PBXBuildFile; fileRef = FB53BA10260715E100B487D5 /* CircleImage.swift */; };
		FB53BA15260716CC00B487D5 /* MapView.swift in Sources */ = {isa = PBXBuildFile; fileRef = FB53BA14260716CC00B487D5 /* MapView.swift */; };
		FB53BA1926071FBD00B487D5 /* LandMark.swift in Sources */ = {isa = PBXBuildFile; fileRef = FB53BA1826071FBD00B487D5 /* LandMark.swift */; };
		FB53BA1D2607246900B487D5 /* ModelData.swift in Sources */ = {isa = PBXBuildFile; fileRef = FB53BA1C2607246900B487D5 /* ModelData.swift */; };
		FB53BA212607280900B487D5 /* landmarkData.json in Resources */ = {isa = PBXBuildFile; fileRef = FB53BA202607280900B487D5 /* landmarkData.json */; };
		FB53BA25260729E400B487D5 /* LandmarkRow.swift in Sources */ = {isa = PBXBuildFile; fileRef = FB53BA24260729E400B487D5 /* LandmarkRow.swift */; };
		FB53BA2826072BEE00B487D5 /* LandmarkList.swift in Sources */ = {isa = PBXBuildFile; fileRef = FB53BA2726072BEE00B487D5 /* LandmarkList.swift */; };
		FB53BA2B26072E3600B487D5 /* LandmarkDetail.swift in Sources */ = {isa = PBXBuildFile; fileRef = FB53BA2A26072E3600B487D5 /* LandmarkDetail.swift */; };
		FB53BA4F260744CD00B487D5 /* SwiftUIPractice.swift in Sources */ = {isa = PBXBuildFile; fileRef = FB53BA4E260744CD00B487D5 /* SwiftUIPractice.swift */; };
		FB53BA592607461F00B487D5 /* LaunchScreen.storyboard in Resources */ = {isa = PBXBuildFile; fileRef = FB53BA582607461F00B487D5 /* LaunchScreen.storyboard */; };
		FB53BA5D2607468100B487D5 /* FavoriteButton.swift in Sources */ = {isa = PBXBuildFile; fileRef = FB53BA5C2607468100B487D5 /* FavoriteButton.swift */; };
		FB582089260F368F00D98257 /* HexagonParameters.swift in Sources */ = {isa = PBXBuildFile; fileRef = FB582084260F368F00D98257 /* HexagonParameters.swift */; };
		FB58208A260F368F00D98257 /* BadgeSymbol.swift in Sources */ = {isa = PBXBuildFile; fileRef = FB582085260F368F00D98257 /* BadgeSymbol.swift */; };
		FB58208B260F368F00D98257 /* Badge.swift in Sources */ = {isa = PBXBuildFile; fileRef = FB582086260F368F00D98257 /* Badge.swift */; };
		FB58208C260F368F00D98257 /* BadgeBackground.swift in Sources */ = {isa = PBXBuildFile; fileRef = FB582087260F368F00D98257 /* BadgeBackground.swift */; };
		FB58208D260F368F00D98257 /* RotatedBadgeSymbol.swift in Sources */ = {isa = PBXBuildFile; fileRef = FB582088260F368F00D98257 /* RotatedBadgeSymbol.swift */; };
		FB582090260F386700D98257 /* hikeData.json in Resources */ = {isa = PBXBuildFile; fileRef = FB58208F260F386700D98257 /* hikeData.json */; };
		FB68D49B26070CF600EBC002 /* ContentView.swift in Sources */ = {isa = PBXBuildFile; fileRef = FB68D49A26070CF600EBC002 /* ContentView.swift */; };
		FB68D49D26070CF800EBC002 /* Assets.xcassets in Resources */ = {isa = PBXBuildFile; fileRef = FB68D49C26070CF800EBC002 /* Assets.xcassets */; };
		FB68D4A026070CF800EBC002 /* Preview Assets.xcassets in Resources */ = {isa = PBXBuildFile; fileRef = FB68D49F26070CF800EBC002 /* Preview Assets.xcassets */; };
/* End PBXBuildFile section */

/* Begin PBXFileReference section */
		FB53BA10260715E100B487D5 /* CircleImage.swift */ = {isa = PBXFileReference; lastKnownFileType = sourcecode.swift; path = CircleImage.swift; sourceTree = "<group>"; };
		FB53BA14260716CC00B487D5 /* MapView.swift */ = {isa = PBXFileReference; lastKnownFileType = sourcecode.swift; path = MapView.swift; sourceTree = "<group>"; };
		FB53BA1826071FBD00B487D5 /* LandMark.swift */ = {isa = PBXFileReference; lastKnownFileType = sourcecode.swift; path = LandMark.swift; sourceTree = "<group>"; };
		FB53BA1C2607246900B487D5 /* ModelData.swift */ = {isa = PBXFileReference; lastKnownFileType = sourcecode.swift; path = ModelData.swift; sourceTree = "<group>"; };
		FB53BA202607280900B487D5 /* landmarkData.json */ = {isa = PBXFileReference; lastKnownFileType = text.json; path = landmarkData.json; sourceTree = "<group>"; };
		FB53BA24260729E400B487D5 /* LandmarkRow.swift */ = {isa = PBXFileReference; lastKnownFileType = sourcecode.swift; path = LandmarkRow.swift; sourceTree = "<group>"; };
		FB53BA2726072BEE00B487D5 /* LandmarkList.swift */ = {isa = PBXFileReference; lastKnownFileType = sourcecode.swift; path = LandmarkList.swift; sourceTree = "<group>"; };
		FB53BA2A26072E3600B487D5 /* LandmarkDetail.swift */ = {isa = PBXFileReference; lastKnownFileType = sourcecode.swift; path = LandmarkDetail.swift; sourceTree = "<group>"; };
		FB53BA4E260744CD00B487D5 /* SwiftUIPractice.swift */ = {isa = PBXFileReference; lastKnownFileType = sourcecode.swift; path = SwiftUIPractice.swift; sourceTree = "<group>"; };
		FB53BA582607461F00B487D5 /* LaunchScreen.storyboard */ = {isa = PBXFileReference; fileEncoding = 4; lastKnownFileType = file.storyboard; path = LaunchScreen.storyboard; sourceTree = "<group>"; };
		FB53BA5C2607468100B487D5 /* FavoriteButton.swift */ = {isa = PBXFileReference; lastKnownFileType = sourcecode.swift; path = FavoriteButton.swift; sourceTree = "<group>"; };
		FB582084260F368F00D98257 /* HexagonParameters.swift */ = {isa = PBXFileReference; fileEncoding = 4; lastKnownFileType = sourcecode.swift; path = HexagonParameters.swift; sourceTree = "<group>"; };
		FB582085260F368F00D98257 /* BadgeSymbol.swift */ = {isa = PBXFileReference; fileEncoding = 4; lastKnownFileType = sourcecode.swift; path = BadgeSymbol.swift; sourceTree = "<group>"; };
		FB582086260F368F00D98257 /* Badge.swift */ = {isa = PBXFileReference; fileEncoding = 4; lastKnownFileType = sourcecode.swift; path = Badge.swift; sourceTree = "<group>"; };
		FB582087260F368F00D98257 /* BadgeBackground.swift */ = {isa = PBXFileReference; fileEncoding = 4; lastKnownFileType = sourcecode.swift; path = BadgeBackground.swift; sourceTree = "<group>"; };
		FB582088260F368F00D98257 /* RotatedBadgeSymbol.swift */ = {isa = PBXFileReference; fileEncoding = 4; lastKnownFileType = sourcecode.swift; path = RotatedBadgeSymbol.swift; sourceTree = "<group>"; };
		FB58208F260F386700D98257 /* hikeData.json */ = {isa = PBXFileReference; lastKnownFileType = text.json; path = hikeData.json; sourceTree = "<group>"; };
		FB68D49326070CF600EBC002 /* SwiftUiPractice.app */ = {isa = PBXFileReference; explicitFileType = wrapper.application; includeInIndex = 0; path = SwiftUiPractice.app; sourceTree = BUILT_PRODUCTS_DIR; };
		FB68D49A26070CF600EBC002 /* ContentView.swift */ = {isa = PBXFileReference; lastKnownFileType = sourcecode.swift; path = ContentView.swift; sourceTree = "<group>"; };
		FB68D49C26070CF800EBC002 /* Assets.xcassets */ = {isa = PBXFileReference; lastKnownFileType = folder.assetcatalog; path = Assets.xcassets; sourceTree = "<group>"; };
		FB68D49F26070CF800EBC002 /* Preview Assets.xcassets */ = {isa = PBXFileReference; lastKnownFileType = folder.assetcatalog; path = "Preview Assets.xcassets"; sourceTree = "<group>"; };
		FB68D4A426070CF800EBC002 /* Info.plist */ = {isa = PBXFileReference; lastKnownFileType = text.plist.xml; path = Info.plist; sourceTree = "<group>"; };
/* End PBXFileReference section */

/* Begin PBXFrameworksBuildPhase section */
		FB68D49026070CF600EBC002 /* Frameworks */ = {
			isa = PBXFrameworksBuildPhase;
			buildActionMask = 2147483647;
			files = (
			);
			runOnlyForDeploymentPostprocessing = 0;
		};
/* End PBXFrameworksBuildPhase section */

/* Begin PBXGroup section */
		FB53BA0F260715C600B487D5 /* components_landmark */ = {
			isa = PBXGroup;
			children = (
				FB53BA10260715E100B487D5 /* CircleImage.swift */,
				FB53BA14260716CC00B487D5 /* MapView.swift */,
				FB53BA5C2607468100B487D5 /* FavoriteButton.swift */,
			);
			path = components_landmark;
			sourceTree = "<group>";
		};
		FB53BA1726071FAF00B487D5 /* Model */ = {
			isa = PBXGroup;
			children = (
				FB53BA1826071FBD00B487D5 /* LandMark.swift */,
				FB53BA1C2607246900B487D5 /* ModelData.swift */,
			);
			path = Model;
			sourceTree = "<group>";
		};
		FB53BA1F2607249F00B487D5 /* Resource */ = {
			isa = PBXGroup;
			children = (
				FB53BA202607280900B487D5 /* landmarkData.json */,
				FB58208F260F386700D98257 /* hikeData.json */,
			);
			path = Resource;
			sourceTree = "<group>";
		};
		FB53BA5F2607471900B487D5 /* view_landmark */ = {
			isa = PBXGroup;
			children = (
				FB53BA24260729E400B487D5 /* LandmarkRow.swift */,
				FB53BA2726072BEE00B487D5 /* LandmarkList.swift */,
				FB53BA2A26072E3600B487D5 /* LandmarkDetail.swift */,
			);
			path = view_landmark;
			sourceTree = "<group>";
		};
		FB582083260F366100D98257 /* Badges */ = {
			isa = PBXGroup;
			children = (
				FB582086260F368F00D98257 /* Badge.swift */,
				FB582087260F368F00D98257 /* BadgeBackground.swift */,
				FB582085260F368F00D98257 /* BadgeSymbol.swift */,
				FB582084260F368F00D98257 /* HexagonParameters.swift */,
				FB582088260F368F00D98257 /* RotatedBadgeSymbol.swift */,
			);
			path = Badges;
			sourceTree = "<group>";
		};
		FB68D48A26070CF600EBC002 = {
			isa = PBXGroup;
			children = (
				FB68D49526070CF600EBC002 /* SwiftUiPractice */,
				FB68D49426070CF600EBC002 /* Products */,
			);
			sourceTree = "<group>";
		};
		FB68D49426070CF600EBC002 /* Products */ = {
			isa = PBXGroup;
			children = (
				FB68D49326070CF600EBC002 /* SwiftUiPractice.app */,
			);
			name = Products;
			sourceTree = "<group>";
		};
		FB68D49526070CF600EBC002 /* SwiftUiPractice */ = {
			isa = PBXGroup;
			children = (
				FB53BA1F2607249F00B487D5 /* Resource */,
				FB53BA1726071FAF00B487D5 /* Model */,
				FB68D4AB26070F6000EBC002 /* LandMark */,
				FB68D49C26070CF800EBC002 /* Assets.xcassets */,
				FB68D4A426070CF800EBC002 /* Info.plist */,
				FB53BA582607461F00B487D5 /* LaunchScreen.storyboard */,
				FB68D49E26070CF800EBC002 /* Preview Content */,
				FB53BA4E260744CD00B487D5 /* SwiftUIPractice.swift */,
			);
			path = SwiftUiPractice;
			sourceTree = "<group>";
		};
		FB68D49E26070CF800EBC002 /* Preview Content */ = {
			isa = PBXGroup;
			children = (
				FB68D49F26070CF800EBC002 /* Preview Assets.xcassets */,
			);
			path = "Preview Content";
			sourceTree = "<group>";
		};
		FB68D4AB26070F6000EBC002 /* LandMark */ = {
			isa = PBXGroup;
			children = (
				FB582083260F366100D98257 /* Badges */,
				FB53BA5F2607471900B487D5 /* view_landmark */,
				FB53BA0F260715C600B487D5 /* components_landmark */,
				FB68D49A26070CF600EBC002 /* ContentView.swift */,
			);
			path = LandMark;
			sourceTree = "<group>";
		};
/* End PBXGroup section */

/* Begin PBXNativeTarget section */
		FB68D49226070CF600EBC002 /* SwiftUiPractice */ = {
			isa = PBXNativeTarget;
			buildConfigurationList = FB68D4A726070CF800EBC002 /* Build configuration list for PBXNativeTarget "SwiftUiPractice" */;
			buildPhases = (
				FB68D48F26070CF600EBC002 /* Sources */,
				FB68D49026070CF600EBC002 /* Frameworks */,
				FB68D49126070CF600EBC002 /* Resources */,
			);
			buildRules = (
			);
			dependencies = (
			);
			name = SwiftUiPractice;
			productName = SwiftUiPractice;
			productReference = FB68D49326070CF600EBC002 /* SwiftUiPractice.app */;
			productType = "com.apple.product-type.application";
		};
/* End PBXNativeTarget section */

/* Begin PBXProject section */
		FB68D48B26070CF600EBC002 /* Project object */ = {
			isa = PBXProject;
			attributes = {
				LastSwiftUpdateCheck = 1240;
				LastUpgradeCheck = 1240;
				TargetAttributes = {
					FB68D49226070CF600EBC002 = {
						CreatedOnToolsVersion = 12.4;
					};
				};
			};
			buildConfigurationList = FB68D48E26070CF600EBC002 /* Build configuration list for PBXProject "SwiftUiPractice" */;
			compatibilityVersion = "Xcode 9.3";
			developmentRegion = en;
			hasScannedForEncodings = 0;
			knownRegions = (
				en,
				Base,
			);
			mainGroup = FB68D48A26070CF600EBC002;
			productRefGroup = FB68D49426070CF600EBC002 /* Products */;
			projectDirPath = "";
			projectRoot = "";
			targets = (
				FB68D49226070CF600EBC002 /* SwiftUiPractice */,
			);
		};
/* End PBXProject section */

/* Begin PBXResourcesBuildPhase section */
		FB68D49126070CF600EBC002 /* Resources */ = {
			isa = PBXResourcesBuildPhase;
			buildActionMask = 2147483647;
			files = (
				FB53BA212607280900B487D5 /* landmarkData.json in Resources */,
				FB53BA592607461F00B487D5 /* LaunchScreen.storyboard in Resources */,
				FB68D4A026070CF800EBC002 /* Preview Assets.xcassets in Resources */,
				FB68D49D26070CF800EBC002 /* Assets.xcassets in Resources */,
				FB582090260F386700D98257 /* hikeData.json in Resources */,
			);
			runOnlyForDeploymentPostprocessing = 0;
		};
/* End PBXResourcesBuildPhase section */

/* Begin PBXSourcesBuildPhase section */
		FB68D48F26070CF600EBC002 /* Sources */ = {
			isa = PBXSourcesBuildPhase;
			buildActionMask = 2147483647;
			files = (
				FB53BA11260715E100B487D5 /* CircleImage.swift in Sources */,
				FB53BA15260716CC00B487D5 /* MapView.swift in Sources */,
				FB53BA1926071FBD00B487D5 /* LandMark.swift in Sources */,
				FB53BA5D2607468100B487D5 /* FavoriteButton.swift in Sources */,
				FB582089260F368F00D98257 /* HexagonParameters.swift in Sources */,
				FB58208A260F368F00D98257 /* BadgeSymbol.swift in Sources */,
				FB53BA2826072BEE00B487D5 /* LandmarkList.swift in Sources */,
				FB53BA4F260744CD00B487D5 /* SwiftUIPractice.swift in Sources */,
				FB58208D260F368F00D98257 /* RotatedBadgeSymbol.swift in Sources */,
				FB68D49B26070CF600EBC002 /* ContentView.swift in Sources */,
				FB58208C260F368F00D98257 /* BadgeBackground.swift in Sources */,
				FB53BA25260729E400B487D5 /* LandmarkRow.swift in Sources */,
				FB53BA2B26072E3600B487D5 /* LandmarkDetail.swift in Sources */,
				FB58208B260F368F00D98257 /* Badge.swift in Sources */,
				FB53BA1D2607246900B487D5 /* ModelData.swift in Sources */,
			);
			runOnlyForDeploymentPostprocessing = 0;
		};
/* End PBXSourcesBuildPhase section */

/* Begin XCBuildConfiguration section */
		FB68D4A526070CF800EBC002 /* Debug */ = {
			isa = XCBuildConfiguration;
			buildSettings = {
				ALWAYS_SEARCH_USER_PATHS = NO;
				CLANG_ANALYZER_NONNULL = YES;
				CLANG_ANALYZER_NUMBER_OBJECT_CONVERSION = YES_AGGRESSIVE;
				CLANG_CXX_LANGUAGE_STANDARD = "gnu++14";
				CLANG_CXX_LIBRARY = "libc++";
				CLANG_ENABLE_MODULES = YES;
				CLANG_ENABLE_OBJC_ARC = YES;
				CLANG_ENABLE_OBJC_WEAK = YES;
				CLANG_WARN_BLOCK_CAPTURE_AUTORELEASING = YES;
				CLANG_WARN_BOOL_CONVERSION = YES;
				CLANG_WARN_COMMA = YES;
				CLANG_WARN_CONSTANT_CONVERSION = YES;
				CLANG_WARN_DEPRECATED_OBJC_IMPLEMENTATIONS = YES;
				CLANG_WARN_DIRECT_OBJC_ISA_USAGE = YES_ERROR;
				CLANG_WARN_DOCUMENTATION_COMMENTS = YES;
				CLANG_WARN_EMPTY_BODY = YES;
				CLANG_WARN_ENUM_CONVERSION = YES;
				CLANG_WARN_INFINITE_RECURSION = YES;
				CLANG_WARN_INT_CONVERSION = YES;
				CLANG_WARN_NON_LITERAL_NULL_CONVERSION = YES;
				CLANG_WARN_OBJC_IMPLICIT_RETAIN_SELF = YES;
				CLANG_WARN_OBJC_LITERAL_CONVERSION = YES;
				CLANG_WARN_OBJC_ROOT_CLASS = YES_ERROR;
				CLANG_WARN_QUOTED_INCLUDE_IN_FRAMEWORK_HEADER = YES;
				CLANG_WARN_RANGE_LOOP_ANALYSIS = YES;
				CLANG_WARN_STRICT_PROTOTYPES = YES;
				CLANG_WARN_SUSPICIOUS_MOVE = YES;
				CLANG_WARN_UNGUARDED_AVAILABILITY = YES_AGGRESSIVE;
				CLANG_WARN_UNREACHABLE_CODE = YES;
				CLANG_WARN__DUPLICATE_METHOD_MATCH = YES;
				COPY_PHASE_STRIP = NO;
				DEBUG_INFORMATION_FORMAT = dwarf;
				ENABLE_STRICT_OBJC_MSGSEND = YES;
				ENABLE_TESTABILITY = YES;
				GCC_C_LANGUAGE_STANDARD = gnu11;
				GCC_DYNAMIC_NO_PIC = NO;
				GCC_NO_COMMON_BLOCKS = YES;
				GCC_OPTIMIZATION_LEVEL = 0;
				GCC_PREPROCESSOR_DEFINITIONS = (
					"DEBUG=1",
					"$(inherited)",
				);
				GCC_WARN_64_TO_32_BIT_CONVERSION = YES;
				GCC_WARN_ABOUT_RETURN_TYPE = YES_ERROR;
				GCC_WARN_UNDECLARED_SELECTOR = YES;
				GCC_WARN_UNINITIALIZED_AUTOS = YES_AGGRESSIVE;
				GCC_WARN_UNUSED_FUNCTION = YES;
				GCC_WARN_UNUSED_VARIABLE = YES;
				IPHONEOS_DEPLOYMENT_TARGET = 14.1;
				MTL_ENABLE_DEBUG_INFO = INCLUDE_SOURCE;
				MTL_FAST_MATH = YES;
				ONLY_ACTIVE_ARCH = YES;
				SDKROOT = iphoneos;
				SWIFT_ACTIVE_COMPILATION_CONDITIONS = DEBUG;
				SWIFT_OPTIMIZATION_LEVEL = "-Onone";
			};
			name = Debug;
		};
		FB68D4A626070CF800EBC002 /* Release */ = {
			isa = XCBuildConfiguration;
			buildSettings = {
				ALWAYS_SEARCH_USER_PATHS = NO;
				CLANG_ANALYZER_NONNULL = YES;
				CLANG_ANALYZER_NUMBER_OBJECT_CONVERSION = YES_AGGRESSIVE;
				CLANG_CXX_LANGUAGE_STANDARD = "gnu++14";
				CLANG_CXX_LIBRARY = "libc++";
				CLANG_ENABLE_MODULES = YES;
				CLANG_ENABLE_OBJC_ARC = YES;
				CLANG_ENABLE_OBJC_WEAK = YES;
				CLANG_WARN_BLOCK_CAPTURE_AUTORELEASING = YES;
				CLANG_WARN_BOOL_CONVERSION = YES;
				CLANG_WARN_COMMA = YES;
				CLANG_WARN_CONSTANT_CONVERSION = YES;
				CLANG_WARN_DEPRECATED_OBJC_IMPLEMENTATIONS = YES;
				CLANG_WARN_DIRECT_OBJC_ISA_USAGE = YES_ERROR;
				CLANG_WARN_DOCUMENTATION_COMMENTS = YES;
				CLANG_WARN_EMPTY_BODY = YES;
				CLANG_WARN_ENUM_CONVERSION = YES;
				CLANG_WARN_INFINITE_RECURSION = YES;
				CLANG_WARN_INT_CONVERSION = YES;
				CLANG_WARN_NON_LITERAL_NULL_CONVERSION = YES;
				CLANG_WARN_OBJC_IMPLICIT_RETAIN_SELF = YES;
				CLANG_WARN_OBJC_LITERAL_CONVERSION = YES;
				CLANG_WARN_OBJC_ROOT_CLASS = YES_ERROR;
				CLANG_WARN_QUOTED_INCLUDE_IN_FRAMEWORK_HEADER = YES;
				CLANG_WARN_RANGE_LOOP_ANALYSIS = YES;
				CLANG_WARN_STRICT_PROTOTYPES = YES;
				CLANG_WARN_SUSPICIOUS_MOVE = YES;
				CLANG_WARN_UNGUARDED_AVAILABILITY = YES_AGGRESSIVE;
				CLANG_WARN_UNREACHABLE_CODE = YES;
				CLANG_WARN__DUPLICATE_METHOD_MATCH = YES;
				COPY_PHASE_STRIP = NO;
				DEBUG_INFORMATION_FORMAT = "dwarf-with-dsym";
				ENABLE_NS_ASSERTIONS = NO;
				ENABLE_STRICT_OBJC_MSGSEND = YES;
				GCC_C_LANGUAGE_STANDARD = gnu11;
				GCC_NO_COMMON_BLOCKS = YES;
				GCC_WARN_64_TO_32_BIT_CONVERSION = YES;
				GCC_WARN_ABOUT_RETURN_TYPE = YES_ERROR;
				GCC_WARN_UNDECLARED_SELECTOR = YES;
				GCC_WARN_UNINITIALIZED_AUTOS = YES_AGGRESSIVE;
				GCC_WARN_UNUSED_FUNCTION = YES;
				GCC_WARN_UNUSED_VARIABLE = YES;
				IPHONEOS_DEPLOYMENT_TARGET = 14.1;
				MTL_ENABLE_DEBUG_INFO = NO;
				MTL_FAST_MATH = YES;
				SDKROOT = iphoneos;
				SWIFT_COMPILATION_MODE = wholemodule;
				SWIFT_OPTIMIZATION_LEVEL = "-O";
				VALIDATE_PRODUCT = YES;
			};
			name = Release;
		};
		FB68D4A826070CF800EBC002 /* Debug */ = {
			isa = XCBuildConfiguration;
			buildSettings = {
				ASSETCATALOG_COMPILER_APPICON_NAME = AppIcon;
				ASSETCATALOG_COMPILER_GLOBAL_ACCENT_COLOR_NAME = AccentColor;
				CODE_SIGN_STYLE = Automatic;
				DEVELOPMENT_ASSET_PATHS = "\"SwiftUiPractice/Preview Content\"";
				DEVELOPMENT_TEAM = LKJMR427MH;
				ENABLE_PREVIEWS = YES;
				INFOPLIST_FILE = SwiftUiPractice/Info.plist;
				LD_RUNPATH_SEARCH_PATHS = (
					"$(inherited)",
					"@executable_path/Frameworks",
				);
				PRODUCT_BUNDLE_IDENTIFIER = swiftuipractice.SwiftUiPractice;
				PRODUCT_NAME = "$(TARGET_NAME)";
				SWIFT_VERSION = 5.0;
				TARGETED_DEVICE_FAMILY = "1,2";
			};
			name = Debug;
		};
		FB68D4A926070CF800EBC002 /* Release */ = {
			isa = XCBuildConfiguration;
			buildSettings = {
				ASSETCATALOG_COMPILER_APPICON_NAME = AppIcon;
				ASSETCATALOG_COMPILER_GLOBAL_ACCENT_COLOR_NAME = AccentColor;
				CODE_SIGN_STYLE = Automatic;
				DEVELOPMENT_ASSET_PATHS = "\"SwiftUiPractice/Preview Content\"";
				DEVELOPMENT_TEAM = LKJMR427MH;
				ENABLE_PREVIEWS = YES;
				INFOPLIST_FILE = SwiftUiPractice/Info.plist;
				LD_RUNPATH_SEARCH_PATHS = (
					"$(inherited)",
					"@executable_path/Frameworks",
				);
				PRODUCT_BUNDLE_IDENTIFIER = swiftuipractice.SwiftUiPractice;
				PRODUCT_NAME = "$(TARGET_NAME)";
				SWIFT_VERSION = 5.0;
				TARGETED_DEVICE_FAMILY = "1,2";
			};
			name = Release;
		};
/* End XCBuildConfiguration section */

/* Begin XCConfigurationList section */
		FB68D48E26070CF600EBC002 /* Build configuration list for PBXProject "SwiftUiPractice" */ = {
			isa = XCConfigurationList;
			buildConfigurations = (
				FB68D4A526070CF800EBC002 /* Debug */,
				FB68D4A626070CF800EBC002 /* Release */,
			);
			defaultConfigurationIsVisible = 0;
			defaultConfigurationName = Release;
		};
		FB68D4A726070CF800EBC002 /* Build configuration list for PBXNativeTarget "SwiftUiPractice" */ = {
			isa = XCConfigurationList;
			buildConfigurations = (
				FB68D4A826070CF800EBC002 /* Debug */,
				FB68D4A926070CF800EBC002 /* Release */,
			);
			defaultConfigurationIsVisible = 0;
			defaultConfigurationName = Release;
		};
/* End XCConfigurationList section */
	};
	rootObject = FB68D48B26070CF600EBC002 /* Project object */;
}
